// !$*UTF8*$!
{
	archiveVersion = 1;
	classes = {
	};
	objectVersion = 77;
	objects = {

/* Begin PBXBuildFile section */
		02E13A9AE97698BD233B920B /* AuthManager.swift in Sources */ = {isa = PBXBuildFile; fileRef = 2F60D7016AF895D2E94ABCA0 /* AuthManager.swift */; };
		0758E056912DD69BF99B8A33 /* InfoRow.swift in Sources */ = {isa = PBXBuildFile; fileRef = 0856E72AC9FBE6ED37B60387 /* InfoRow.swift */; };
		084A0587EFCFF51932FBCFF3 /* ServerRide.swift in Sources */ = {isa = PBXBuildFile; fileRef = 3B7F41D6D8220A7D36237600 /* ServerRide.swift */; };
		0C8889E0C40B8FE46C7B7384 /* GT3CompanionWidgetsBundle.swift in Sources */ = {isa = PBXBuildFile; fileRef = ACAA4BB834A0DB9BE3860C6D /* GT3CompanionWidgetsBundle.swift */; };
		0DDE0F6E5810331FB90EFC95 /* ScooterKeychain.swift in Sources */ = {isa = PBXBuildFile; fileRef = 374129A26773B2CE08A45568 /* ScooterKeychain.swift */; };
		0DF2E1196C1BC1747DDE07D4 /* GT3RideAttributes.swift in Sources */ = {isa = PBXBuildFile; fileRef = 2D0BC7212A2BD252D996C21B /* GT3RideAttributes.swift */; };
		12BC724CF4BE3DEDED407778 /* GPSTracker.swift in Sources */ = {isa = PBXBuildFile; fileRef = 0C1ECE09CFA84C86FA1A4892 /* GPSTracker.swift */; };
		14081CD2FA3DE9C3454C6EF0 /* RideSyncService.swift in Sources */ = {isa = PBXBuildFile; fileRef = 5321F13F45361AC2D0345AF4 /* RideSyncService.swift */; };
		18816EF42D84BEE79BAECC77 /* VisionContentView.swift in Sources */ = {isa = PBXBuildFile; fileRef = 1DCD3F4E090513234E3E93D4 /* VisionContentView.swift */; };
		1A073CC2F36A0042C580A3B0 /* DataExtensions.swift in Sources */ = {isa = PBXBuildFile; fileRef = B37C34C9C57F04F3812AA098 /* DataExtensions.swift */; };
		1B3980D421AC54B23ADC469A /* NinebotCrypto.swift in Sources */ = {isa = PBXBuildFile; fileRef = FE1DF0B6837DF0A29239682E /* NinebotCrypto.swift */; };
		1BA065423E7014CBEF7E5789 /* PreviewHelpers.swift in Sources */ = {isa = PBXBuildFile; fileRef = AEC6013FFE64589ED662804D /* PreviewHelpers.swift */; };
		1BCC17969E11E97F3D009E00 /* GT3CompanionWatchApp.swift in Sources */ = {isa = PBXBuildFile; fileRef = 891BD92EAAEA3BFE7C483FEA /* GT3CompanionWatchApp.swift */; };
		1BEF8CF4A46AD2CD9A912CDD /* SettingsView.swift in Sources */ = {isa = PBXBuildFile; fileRef = 997B5274C0201254D5A58FB9 /* SettingsView.swift */; };
		1D4D239F64B82E1540DD3E93 /* GT3CompanionWidgets.appex in Embed Foundation Extensions */ = {isa = PBXBuildFile; fileRef = BDE60F2A3E20E8CFCAE04D6A /* GT3CompanionWidgets.appex */; settings = {ATTRIBUTES = (RemoveHeadersOnCopy, ); }; };
		1D72CA507FFC44DE20181BDA /* UploadQueueTests.swift in Sources */ = {isa = PBXBuildFile; fileRef = 4EE0032842C5447ED97334A9 /* UploadQueueTests.swift */; };
		24B89E2606E4F5CC3CCDEE13 /* LoginView.swift in Sources */ = {isa = PBXBuildFile; fileRef = 5E9E161CA55B49466B7C67D5 /* LoginView.swift */; };
		2845F91100AAD99587071D9B /* RouteNavigationView.swift in Sources */ = {isa = PBXBuildFile; fileRef = 71C4965BA8E974E0A6B214CF /* RouteNavigationView.swift */; };
		2B401A698FFB367DE95FD69F /* ComplicationProvider.swift in Sources */ = {isa = PBXBuildFile; fileRef = 75D7EC839B4E3F7B106C2E6C /* ComplicationProvider.swift */; };
		2EC4462F146FF8FF09753F09 /* GT3LiveActivity.swift in Sources */ = {isa = PBXBuildFile; fileRef = 35AB36E7D729C0D68B6B3A03 /* GT3LiveActivity.swift */; };
		301CE4D692028486F466BF18 /* Theme.swift in Sources */ = {isa = PBXBuildFile; fileRef = CE53582C2CC4F2EFA20AD815 /* Theme.swift */; };
		31572ECF63F373A2BCAC326E /* ContentView.swift in Sources */ = {isa = PBXBuildFile; fileRef = CB87773429ACD607F25A8BF3 /* ContentView.swift */; };
		326A8EAD4EA3A92FECD50F3F /* PreviewHelpers.swift in Sources */ = {isa = PBXBuildFile; fileRef = AEC6013FFE64589ED662804D /* PreviewHelpers.swift */; };
		349A8C3B5D23DFA1CC8AB497 /* SwiftDataModels.swift in Sources */ = {isa = PBXBuildFile; fileRef = 189ACD3403BEBC384D6A42CE /* SwiftDataModels.swift */; };
		377A07118A0C2F41F0A40D31 /* NinebotFrameBuilder.swift in Sources */ = {isa = PBXBuildFile; fileRef = 8FDD78758A79865ACE4CE701 /* NinebotFrameBuilder.swift */; };
		37CF00D5FFFA017AA1C2B81A /* Assets.xcassets in Resources */ = {isa = PBXBuildFile; fileRef = 7EA8C9B9596FCD2188B27DCB /* Assets.xcassets */; };
		3A27C6677CA7CD4D7D5821FF /* RideSyncService.swift in Sources */ = {isa = PBXBuildFile; fileRef = 5321F13F45361AC2D0345AF4 /* RideSyncService.swift */; };
		3DF0D808D46289DC26A9D8EB /* PersistenceController.swift in Sources */ = {isa = PBXBuildFile; fileRef = 00985FF0F4FBE77CCCE61CE6 /* PersistenceController.swift */; };
		3F9E66D56F8851A8BF3A7C56 /* RegisterReaderTests.swift in Sources */ = {isa = PBXBuildFile; fileRef = 7FC63A3A2D8799086BC58523 /* RegisterReaderTests.swift */; };
		4015788E36F5E39F65B91E0A /* RideWorkoutManager.swift in Sources */ = {isa = PBXBuildFile; fileRef = FA8D580E2A873BE70E1F49EE /* RideWorkoutManager.swift */; };
		442A1FD606975DF3B90BB12E /* GT3CompanionApp.swift in Sources */ = {isa = PBXBuildFile; fileRef = 5CA73CFF555039D3094FDDBF /* GT3CompanionApp.swift */; };
		4753C941A6D3702FDEFB76A8 /* ScooterPeripheralDelegate.swift in Sources */ = {isa = PBXBuildFile; fileRef = BFD55D92AFA58C5FCCB083F7 /* ScooterPeripheralDelegate.swift */; };
		475496F3CAA9923B88C471B7 /* ServerRide.swift in Sources */ = {isa = PBXBuildFile; fileRef = 3B7F41D6D8220A7D36237600 /* ServerRide.swift */; };
		49A0FE3BA5D02FE42E7E6619 /* TelemetryParserTests.swift in Sources */ = {isa = PBXBuildFile; fileRef = 3D6E8F36E6C056415E4BB47A /* TelemetryParserTests.swift */; };
		4B64A2934B55DA32034D29E3 /* OnboardingView.swift in Sources */ = {isa = PBXBuildFile; fileRef = 0B3AAFD381FF70FD11643480 /* OnboardingView.swift */; };
		4BC625C2D3BB5FCC4438003E /* BLEConstantsTests.swift in Sources */ = {isa = PBXBuildFile; fileRef = FA8F629FF9561B10531DA56F /* BLEConstantsTests.swift */; };
		4E2EF56AE92EC2B26C5946C3 /* LoginView.swift in Sources */ = {isa = PBXBuildFile; fileRef = 5E9E161CA55B49466B7C67D5 /* LoginView.swift */; };
		516E7EE6D37E51B5133E143D /* RideTracker.swift in Sources */ = {isa = PBXBuildFile; fileRef = EB74E70511E2177DEC4F0210 /* RideTracker.swift */; };
		5380FA77C5A87906A5A84985 /* WatchConnectivityManager.swift in Sources */ = {isa = PBXBuildFile; fileRef = 863AE1336A31A4B389EB86D6 /* WatchConnectivityManager.swift */; };
		571D0940C9C51CBBDB35589D /* SurfaceRoughnessTracker.swift in Sources */ = {isa = PBXBuildFile; fileRef = C76AE1C74BD9FB056599493D /* SurfaceRoughnessTracker.swift */; };
		5895CDEDBED135E910777F7D /* StatCard.swift in Sources */ = {isa = PBXBuildFile; fileRef = DFA059564462F3ED6EFEE13A /* StatCard.swift */; };
		5B8B2DEF2BEAD0E2F187FC2A /* GT3CompanionVisionApp.swift in Sources */ = {isa = PBXBuildFile; fileRef = 58211C5A6E89A9919BDE331B /* GT3CompanionVisionApp.swift */; };
		5C87DAD23B4EFD25C8768839 /* RideTrackerTests.swift in Sources */ = {isa = PBXBuildFile; fileRef = 493E6A4BC6CC47F6D1F9762B /* RideTrackerTests.swift */; };
		5D1C2C708109269FA6E8BCA2 /* GPSTrackerTests.swift in Sources */ = {isa = PBXBuildFile; fileRef = EA3529E2F04653B7962C5A5B /* GPSTrackerTests.swift */; };
		5F3888A7666C48AA5B8443C3 /* Theme.swift in Sources */ = {isa = PBXBuildFile; fileRef = CE53582C2CC4F2EFA20AD815 /* Theme.swift */; };
		611A485760E1F7062E2A293E /* GPXExporterTests.swift in Sources */ = {isa = PBXBuildFile; fileRef = FE3DCC1765A31632B0016C37 /* GPXExporterTests.swift */; };
		6376A7E895571C1EADBA9308 /* AuthManager.swift in Sources */ = {isa = PBXBuildFile; fileRef = 2F60D7016AF895D2E94ABCA0 /* AuthManager.swift */; };
		640DEBB3F6A29329AE8ADAE3 /* Theme.swift in Sources */ = {isa = PBXBuildFile; fileRef = CE53582C2CC4F2EFA20AD815 /* Theme.swift */; };
		6471858475656BCE7F3C71BB /* ScooterConnectionManagerTests.swift in Sources */ = {isa = PBXBuildFile; fileRef = 0901B8C6458BCC78713A6A9C /* ScooterConnectionManagerTests.swift */; };
		667C96D36D8A1492900AE4FE /* JavaLCGTests.swift in Sources */ = {isa = PBXBuildFile; fileRef = BEEE5678757A80552FB8CD6E /* JavaLCGTests.swift */; };
		6981DC0A0998E0E420EB3580 /* GT3LiveActivityManagerTests.swift in Sources */ = {isa = PBXBuildFile; fileRef = E4967528A480BD2A3DAAC694 /* GT3LiveActivityManagerTests.swift */; };
		6D5E2588CE829224EC18BB68 /* AppCoordinator.swift in Sources */ = {isa = PBXBuildFile; fileRef = C578ACBA36D95C48E179455A /* AppCoordinator.swift */; };
		6E23544846BC5EEC1DC88675 /* GT3APIClientTests.swift in Sources */ = {isa = PBXBuildFile; fileRef = 867A0316339825606B7EBFEA /* GT3APIClientTests.swift */; };
		729BBDA62779EBF888A6BDD0 /* ScooterConnectionManager.swift in Sources */ = {isa = PBXBuildFile; fileRef = F79C0E11316D08F40945E24B /* ScooterConnectionManager.swift */; };
		72F93EB94912607D21E5FE6F /* JavaLCG.swift in Sources */ = {isa = PBXBuildFile; fileRef = DEE7C3B06D5FF3708534DD86 /* JavaLCG.swift */; };
		7900D8D2F1815E4F13DB020F /* GT3LiveActivityManager.swift in Sources */ = {isa = PBXBuildFile; fileRef = A98F52FDEE889FF02990D9F0 /* GT3LiveActivityManager.swift */; };
		7A925BD6B53F8E6668D072C8 /* GT3CompanionTests.swift in Sources */ = {isa = PBXBuildFile; fileRef = 2CFA6EEC6FC4981ACF73576B /* GT3CompanionTests.swift */; };
		7BCA1A87C3E4288C37743552 /* AggregateAnalyticsView.swift in Sources */ = {isa = PBXBuildFile; fileRef = FAEBB62130BDD68B0D3B2695 /* AggregateAnalyticsView.swift */; };
		8129DDC3E23E43B303E71586 /* KeyDerivationTests.swift in Sources */ = {isa = PBXBuildFile; fileRef = EF41BC7A131F7835D3D5FC88 /* KeyDerivationTests.swift */; };
		8193ABBD8A123282200926E7 /* GT3RideAttributes.swift in Sources */ = {isa = PBXBuildFile; fileRef = 2D0BC7212A2BD252D996C21B /* GT3RideAttributes.swift */; };
		81D7BA3C931E113898DD539C /* Assets.xcassets in Resources */ = {isa = PBXBuildFile; fileRef = 2E6E068D2FFD52B5C440C611 /* Assets.xcassets */; };
		8A23628C545F836287E58ECC /* KeyDerivation.swift in Sources */ = {isa = PBXBuildFile; fileRef = 8934033CB09959903D59EF5C /* KeyDerivation.swift */; };
		8C8633C36AE3426F055EE202 /* LoginView.swift in Sources */ = {isa = PBXBuildFile; fileRef = 5E9E161CA55B49466B7C67D5 /* LoginView.swift */; };
		8F085638E5D961EC00DE31CE /* RegisterReader.swift in Sources */ = {isa = PBXBuildFile; fileRef = 424F02984953C13821C555EE /* RegisterReader.swift */; };
		91F3CB9E0228FA0D0AFB59B7 /* UploadQueue.swift in Sources */ = {isa = PBXBuildFile; fileRef = 44F46F784FC8CE9B05A670EC /* UploadQueue.swift */; };
		923ECACC43B67071CB146A14 /* RideHistoryView.swift in Sources */ = {isa = PBXBuildFile; fileRef = 05FA94F2A81DC172E483E5B4 /* RideHistoryView.swift */; };
		928A708482AF1A011B59847B /* GT3CompanionMacApp.swift in Sources */ = {isa = PBXBuildFile; fileRef = 047BB1B09415CC35C15712AE /* GT3CompanionMacApp.swift */; };
		94B14C917ABE8C56450D9E5B /* GT3APIClient.swift in Sources */ = {isa = PBXBuildFile; fileRef = C894222A35BFDE918279DBCA /* GT3APIClient.swift */; };
		97E261DC233D81C256FB28B9 /* Assets.xcassets in Resources */ = {isa = PBXBuildFile; fileRef = C96A0466670E6039D58C90A6 /* Assets.xcassets */; };
		99D0979A5462CB8336CBFE30 /* MapRouteView.swift in Sources */ = {isa = PBXBuildFile; fileRef = EBEE3BF0C58F8ABAFF006549 /* MapRouteView.swift */; };
		9DB54D1BF352F6D0EF538E5F /* AESHelperTests.swift in Sources */ = {isa = PBXBuildFile; fileRef = D8D8302BED52B6CDA212C08A /* AESHelperTests.swift */; };
		A022DE3920811B71E141BB0F /* NinebotAuth.swift in Sources */ = {isa = PBXBuildFile; fileRef = 58F5E78620013EA4336A56E9 /* NinebotAuth.swift */; };
		A0596FB113CF22FEB4B9523B /* LoginView.swift in Sources */ = {isa = PBXBuildFile; fileRef = 5E9E161CA55B49466B7C67D5 /* LoginView.swift */; };
		A10D89015E329474E1CA78F2 /* SwiftDataModels.swift in Sources */ = {isa = PBXBuildFile; fileRef = 189ACD3403BEBC384D6A42CE /* SwiftDataModels.swift */; };
		A8E0223E41ADE054D28A2EA4 /* DashboardView.swift in Sources */ = {isa = PBXBuildFile; fileRef = 15ECCFB9DA9B244FB4261E4E /* DashboardView.swift */; };
		A902A69E59363833093B62F7 /* GT3Registers.swift in Sources */ = {isa = PBXBuildFile; fileRef = B7BEE3B916F38F756C2A05FA /* GT3Registers.swift */; };
		AD9AE97BEBC7105939F36C3A /* NinebotAuthTests.swift in Sources */ = {isa = PBXBuildFile; fileRef = 45160E9C4AC8147D2A6D6029 /* NinebotAuthTests.swift */; };
		B65484A304ECCDC5B631F91C /* PersistenceController.swift in Sources */ = {isa = PBXBuildFile; fileRef = 00985FF0F4FBE77CCCE61CE6 /* PersistenceController.swift */; };
		BCD9B0A7ABA989E446832078 /* GT3RideAttributes.swift in Sources */ = {isa = PBXBuildFile; fileRef = 2D0BC7212A2BD252D996C21B /* GT3RideAttributes.swift */; };
		BE07B60042098A1ADCB739A6 /* NinebotCryptoTests.swift in Sources */ = {isa = PBXBuildFile; fileRef = 0533325A4BB52BAE271F38E0 /* NinebotCryptoTests.swift */; };
		C1D0C33C2FBFC0B1F0A65A57 /* PersistenceController.swift in Sources */ = {isa = PBXBuildFile; fileRef = 00985FF0F4FBE77CCCE61CE6 /* PersistenceController.swift */; };
		C40F2CFE5E4ED5602CA09F32 /* AESHelper.swift in Sources */ = {isa = PBXBuildFile; fileRef = 661067C3865CBF095F1EF85B /* AESHelper.swift */; };
		C5C2A7ADE84A9F51A41D04A0 /* HROverlayView.swift in Sources */ = {isa = PBXBuildFile; fileRef = 11CCA802EAEB244E26A00839 /* HROverlayView.swift */; };
		C5F7EF20D2B4BF78C81B9E13 /* PermissionsManager.swift in Sources */ = {isa = PBXBuildFile; fileRef = F2457DD0E36F44181C0211AD /* PermissionsManager.swift */; };
		C99CB1DBA6D4E3FC4BAAD86C /* ScooterInfoView.swift in Sources */ = {isa = PBXBuildFile; fileRef = 55D4452F70F7EF550BC5F879 /* ScooterInfoView.swift */; };
		CA89B23819A601DD7DF53246 /* TelemetryParser.swift in Sources */ = {isa = PBXBuildFile; fileRef = A3EA3E613117DC3CB9BF72A9 /* TelemetryParser.swift */; };
		CAFB4CAD608DDFEFE747D4D3 /* PreviewHelpers.swift in Sources */ = {isa = PBXBuildFile; fileRef = AEC6013FFE64589ED662804D /* PreviewHelpers.swift */; };
		CC50E05252F13993B116F455 /* AuthManager.swift in Sources */ = {isa = PBXBuildFile; fileRef = 2F60D7016AF895D2E94ABCA0 /* AuthManager.swift */; };
		CD3CFFE66FCAD787FA6DAFD4 /* NinebotTransportTests.swift in Sources */ = {isa = PBXBuildFile; fileRef = 83460368F60A53C5A30952A7 /* NinebotTransportTests.swift */; };
		D7536E330454E44B176F4E62 /* ServerRide.swift in Sources */ = {isa = PBXBuildFile; fileRef = 3B7F41D6D8220A7D36237600 /* ServerRide.swift */; };
		D941EC95DE6544512A52074A /* GT3RegistersTests.swift in Sources */ = {isa = PBXBuildFile; fileRef = 3ABE49BC4B627FB608831639 /* GT3RegistersTests.swift */; };
		D9FF1C381FA92E582C8C9EC8 /* WatchRideView.swift in Sources */ = {isa = PBXBuildFile; fileRef = F0B48C9C3F689A08A9DF0FDE /* WatchRideView.swift */; };
		DA01F12CC8720B29F4525FBA /* ServerRide.swift in Sources */ = {isa = PBXBuildFile; fileRef = 3B7F41D6D8220A7D36237600 /* ServerRide.swift */; };
		DC91D3C3BDAD54F8A83ABE0D /* Assets.xcassets in Resources */ = {isa = PBXBuildFile; fileRef = 076C636C181D531B39F21178 /* Assets.xcassets */; };
		DC91FD896EFB9747551A8451 /* GPXExporter.swift in Sources */ = {isa = PBXBuildFile; fileRef = 19905BAB58FB3DB581F8B592 /* GPXExporter.swift */; };
		DF6A88BD36CBAB7FA8DEC557 /* BLEConstants.swift in Sources */ = {isa = PBXBuildFile; fileRef = FD7FB93A05065AD29C9B23A0 /* BLEConstants.swift */; };
		E2945ED06BB15957725B2660 /* PersistenceController.swift in Sources */ = {isa = PBXBuildFile; fileRef = 00985FF0F4FBE77CCCE61CE6 /* PersistenceController.swift */; };
		E300BDFA14D4E387C71CB1A9 /* SwiftDataModels.swift in Sources */ = {isa = PBXBuildFile; fileRef = 189ACD3403BEBC384D6A42CE /* SwiftDataModels.swift */; };
		E849A2BAB32AACC0A8D08C37 /* MacContentView.swift in Sources */ = {isa = PBXBuildFile; fileRef = FA58425277ED9CA3252868B8 /* MacContentView.swift */; };
		E98E90FD43E65AD77479B30B /* RideDetailView.swift in Sources */ = {isa = PBXBuildFile; fileRef = 55FE211690F8E6728DBC3A59 /* RideDetailView.swift */; };
		E9B979044EDB3417C1DBBAB7 /* RideSyncService.swift in Sources */ = {isa = PBXBuildFile; fileRef = 5321F13F45361AC2D0345AF4 /* RideSyncService.swift */; };
		E9CAA780DC33797AB9417F97 /* SwiftDataModels.swift in Sources */ = {isa = PBXBuildFile; fileRef = 189ACD3403BEBC384D6A42CE /* SwiftDataModels.swift */; };
		EA1B494C1BE3A861C9BB878F /* PreviewHelpers.swift in Sources */ = {isa = PBXBuildFile; fileRef = AEC6013FFE64589ED662804D /* PreviewHelpers.swift */; };
		EB5A30564B4E37F9D8F36416 /* Theme.swift in Sources */ = {isa = PBXBuildFile; fileRef = CE53582C2CC4F2EFA20AD815 /* Theme.swift */; };
		F15FD8003ED830192B77D39A /* DebugLogStore.swift in Sources */ = {isa = PBXBuildFile; fileRef = 117232BCF6C3AE194334376A /* DebugLogStore.swift */; };
		F2B79470FDE4372930456539 /* NavigationManager.swift in Sources */ = {isa = PBXBuildFile; fileRef = 13B4AB9F1F1CAE720C0A2B9B /* NavigationManager.swift */; };
		F2CD2B1D502623C41495B602 /* NinebotTransport.swift in Sources */ = {isa = PBXBuildFile; fileRef = F4E04531F9A6C7BD543444A1 /* NinebotTransport.swift */; };
		F3E43A2E9CD4321FFDF4AB01 /* NinebotFrameBuilderTests.swift in Sources */ = {isa = PBXBuildFile; fileRef = 5312D85AD3849B1B86711DF6 /* NinebotFrameBuilderTests.swift */; };
		F446839ED07C359D80263844 /* RideSyncService.swift in Sources */ = {isa = PBXBuildFile; fileRef = 5321F13F45361AC2D0345AF4 /* RideSyncService.swift */; };
		F8CCDB6EEDE70D23A759D87E /* PairingView.swift in Sources */ = {isa = PBXBuildFile; fileRef = 11C5682B34F0870664C57915 /* PairingView.swift */; };
		FA13A2007A1B2131ED1C0C01 /* AuthManager.swift in Sources */ = {isa = PBXBuildFile; fileRef = 2F60D7016AF895D2E94ABCA0 /* AuthManager.swift */; };
		FC2180F4FEED50A0B0C5F60F /* GT3RideAttributes.swift in Sources */ = {isa = PBXBuildFile; fileRef = 2D0BC7212A2BD252D996C21B /* GT3RideAttributes.swift */; };
/* End PBXBuildFile section */

/* Begin PBXContainerItemProxy section */
		5CBF446ED955FC40900242EB /* PBXContainerItemProxy */ = {
			isa = PBXContainerItemProxy;
			containerPortal = F9DD18F549BB83F9A6477CFC /* Project object */;
			proxyType = 1;
			remoteGlobalIDString = D7725A84B2A0C61CCFC07BC5;
			remoteInfo = GT3CompanionWidgets;
		};
		F1331EB387F3D6DCEAD8AC5D /* PBXContainerItemProxy */ = {
			isa = PBXContainerItemProxy;
			containerPortal = F9DD18F549BB83F9A6477CFC /* Project object */;
			proxyType = 1;
			remoteGlobalIDString = 8DAAB8E08DF7CB2411D8C05B;
			remoteInfo = GT3Companion;
		};
/* End PBXContainerItemProxy section */

/* Begin PBXCopyFilesBuildPhase section */
		1D0A8F457FE77AD5C45A3969 /* Embed Foundation Extensions */ = {
			isa = PBXCopyFilesBuildPhase;
			buildActionMask = 2147483647;
			dstPath = "";
			dstSubfolderSpec = 13;
			files = (
				1D4D239F64B82E1540DD3E93 /* GT3CompanionWidgets.appex in Embed Foundation Extensions */,
			);
			name = "Embed Foundation Extensions";
			runOnlyForDeploymentPostprocessing = 0;
		};
/* End PBXCopyFilesBuildPhase section */

/* Begin PBXFileReference section */
		00985FF0F4FBE77CCCE61CE6 /* PersistenceController.swift */ = {isa = PBXFileReference; lastKnownFileType = sourcecode.swift; path = PersistenceController.swift; sourceTree = "<group>"; };
		047BB1B09415CC35C15712AE /* GT3CompanionMacApp.swift */ = {isa = PBXFileReference; lastKnownFileType = sourcecode.swift; path = GT3CompanionMacApp.swift; sourceTree = "<group>"; };
		0533325A4BB52BAE271F38E0 /* NinebotCryptoTests.swift */ = {isa = PBXFileReference; lastKnownFileType = sourcecode.swift; path = NinebotCryptoTests.swift; sourceTree = "<group>"; };
		05FA94F2A81DC172E483E5B4 /* RideHistoryView.swift */ = {isa = PBXFileReference; lastKnownFileType = sourcecode.swift; path = RideHistoryView.swift; sourceTree = "<group>"; };
		076C636C181D531B39F21178 /* Assets.xcassets */ = {isa = PBXFileReference; lastKnownFileType = folder.assetcatalog; path = Assets.xcassets; sourceTree = "<group>"; };
		0856E72AC9FBE6ED37B60387 /* InfoRow.swift */ = {isa = PBXFileReference; lastKnownFileType = sourcecode.swift; path = InfoRow.swift; sourceTree = "<group>"; };
		0901B8C6458BCC78713A6A9C /* ScooterConnectionManagerTests.swift */ = {isa = PBXFileReference; lastKnownFileType = sourcecode.swift; path = ScooterConnectionManagerTests.swift; sourceTree = "<group>"; };
		0B3AAFD381FF70FD11643480 /* OnboardingView.swift */ = {isa = PBXFileReference; lastKnownFileType = sourcecode.swift; path = OnboardingView.swift; sourceTree = "<group>"; };
		0C1ECE09CFA84C86FA1A4892 /* GPSTracker.swift */ = {isa = PBXFileReference; lastKnownFileType = sourcecode.swift; path = GPSTracker.swift; sourceTree = "<group>"; };
		117232BCF6C3AE194334376A /* DebugLogStore.swift */ = {isa = PBXFileReference; lastKnownFileType = sourcecode.swift; path = DebugLogStore.swift; sourceTree = "<group>"; };
		11C5682B34F0870664C57915 /* PairingView.swift */ = {isa = PBXFileReference; lastKnownFileType = sourcecode.swift; path = PairingView.swift; sourceTree = "<group>"; };
		11CCA802EAEB244E26A00839 /* HROverlayView.swift */ = {isa = PBXFileReference; lastKnownFileType = sourcecode.swift; path = HROverlayView.swift; sourceTree = "<group>"; };
		13B4AB9F1F1CAE720C0A2B9B /* NavigationManager.swift */ = {isa = PBXFileReference; lastKnownFileType = sourcecode.swift; path = NavigationManager.swift; sourceTree = "<group>"; };
		15ECCFB9DA9B244FB4261E4E /* DashboardView.swift */ = {isa = PBXFileReference; lastKnownFileType = sourcecode.swift; path = DashboardView.swift; sourceTree = "<group>"; };
		189ACD3403BEBC384D6A42CE /* SwiftDataModels.swift */ = {isa = PBXFileReference; lastKnownFileType = sourcecode.swift; path = SwiftDataModels.swift; sourceTree = "<group>"; };
		19905BAB58FB3DB581F8B592 /* GPXExporter.swift */ = {isa = PBXFileReference; lastKnownFileType = sourcecode.swift; path = GPXExporter.swift; sourceTree = "<group>"; };
		1DCD3F4E090513234E3E93D4 /* VisionContentView.swift */ = {isa = PBXFileReference; lastKnownFileType = sourcecode.swift; path = VisionContentView.swift; sourceTree = "<group>"; };
		1E34BA6710E1650D5275870E /* Info.plist */ = {isa = PBXFileReference; lastKnownFileType = text.plist; path = Info.plist; sourceTree = "<group>"; };
		2CFA6EEC6FC4981ACF73576B /* GT3CompanionTests.swift */ = {isa = PBXFileReference; lastKnownFileType = sourcecode.swift; path = GT3CompanionTests.swift; sourceTree = "<group>"; };
		2D0BC7212A2BD252D996C21B /* GT3RideAttributes.swift */ = {isa = PBXFileReference; lastKnownFileType = sourcecode.swift; path = GT3RideAttributes.swift; sourceTree = "<group>"; };
		2E6E068D2FFD52B5C440C611 /* Assets.xcassets */ = {isa = PBXFileReference; lastKnownFileType = folder.assetcatalog; path = Assets.xcassets; sourceTree = "<group>"; };
		2F60D7016AF895D2E94ABCA0 /* AuthManager.swift */ = {isa = PBXFileReference; lastKnownFileType = sourcecode.swift; path = AuthManager.swift; sourceTree = "<group>"; };
		35AB36E7D729C0D68B6B3A03 /* GT3LiveActivity.swift */ = {isa = PBXFileReference; lastKnownFileType = sourcecode.swift; path = GT3LiveActivity.swift; sourceTree = "<group>"; };
		374129A26773B2CE08A45568 /* ScooterKeychain.swift */ = {isa = PBXFileReference; lastKnownFileType = sourcecode.swift; path = ScooterKeychain.swift; sourceTree = "<group>"; };
		3ABE49BC4B627FB608831639 /* GT3RegistersTests.swift */ = {isa = PBXFileReference; lastKnownFileType = sourcecode.swift; path = GT3RegistersTests.swift; sourceTree = "<group>"; };
		3B7F41D6D8220A7D36237600 /* ServerRide.swift */ = {isa = PBXFileReference; lastKnownFileType = sourcecode.swift; path = ServerRide.swift; sourceTree = "<group>"; };
		3D6E8F36E6C056415E4BB47A /* TelemetryParserTests.swift */ = {isa = PBXFileReference; lastKnownFileType = sourcecode.swift; path = TelemetryParserTests.swift; sourceTree = "<group>"; };
		424F02984953C13821C555EE /* RegisterReader.swift */ = {isa = PBXFileReference; lastKnownFileType = sourcecode.swift; path = RegisterReader.swift; sourceTree = "<group>"; };
		44F46F784FC8CE9B05A670EC /* UploadQueue.swift */ = {isa = PBXFileReference; lastKnownFileType = sourcecode.swift; path = UploadQueue.swift; sourceTree = "<group>"; };
		45160E9C4AC8147D2A6D6029 /* NinebotAuthTests.swift */ = {isa = PBXFileReference; lastKnownFileType = sourcecode.swift; path = NinebotAuthTests.swift; sourceTree = "<group>"; };
		493E6A4BC6CC47F6D1F9762B /* RideTrackerTests.swift */ = {isa = PBXFileReference; lastKnownFileType = sourcecode.swift; path = RideTrackerTests.swift; sourceTree = "<group>"; };
		4EE0032842C5447ED97334A9 /* UploadQueueTests.swift */ = {isa = PBXFileReference; lastKnownFileType = sourcecode.swift; path = UploadQueueTests.swift; sourceTree = "<group>"; };
		5312D85AD3849B1B86711DF6 /* NinebotFrameBuilderTests.swift */ = {isa = PBXFileReference; lastKnownFileType = sourcecode.swift; path = NinebotFrameBuilderTests.swift; sourceTree = "<group>"; };
		5321F13F45361AC2D0345AF4 /* RideSyncService.swift */ = {isa = PBXFileReference; lastKnownFileType = sourcecode.swift; path = RideSyncService.swift; sourceTree = "<group>"; };
		55D4452F70F7EF550BC5F879 /* ScooterInfoView.swift */ = {isa = PBXFileReference; lastKnownFileType = sourcecode.swift; path = ScooterInfoView.swift; sourceTree = "<group>"; };
		55FE211690F8E6728DBC3A59 /* RideDetailView.swift */ = {isa = PBXFileReference; lastKnownFileType = sourcecode.swift; path = RideDetailView.swift; sourceTree = "<group>"; };
		58211C5A6E89A9919BDE331B /* GT3CompanionVisionApp.swift */ = {isa = PBXFileReference; lastKnownFileType = sourcecode.swift; path = GT3CompanionVisionApp.swift; sourceTree = "<group>"; };
		58F5E78620013EA4336A56E9 /* NinebotAuth.swift */ = {isa = PBXFileReference; lastKnownFileType = sourcecode.swift; path = NinebotAuth.swift; sourceTree = "<group>"; };
		5CA73CFF555039D3094FDDBF /* GT3CompanionApp.swift */ = {isa = PBXFileReference; lastKnownFileType = sourcecode.swift; path = GT3CompanionApp.swift; sourceTree = "<group>"; };
		5E9E161CA55B49466B7C67D5 /* LoginView.swift */ = {isa = PBXFileReference; lastKnownFileType = sourcecode.swift; path = LoginView.swift; sourceTree = "<group>"; };
		5FA2314681A86349911C2B0F /* Info.plist */ = {isa = PBXFileReference; lastKnownFileType = text.plist; path = Info.plist; sourceTree = "<group>"; };
		60A31234CEAAD986C4952B40 /* GT3CompanionWatch.app */ = {isa = PBXFileReference; explicitFileType = wrapper.application; includeInIndex = 0; path = GT3CompanionWatch.app; sourceTree = BUILT_PRODUCTS_DIR; };
		661067C3865CBF095F1EF85B /* AESHelper.swift */ = {isa = PBXFileReference; lastKnownFileType = sourcecode.swift; path = AESHelper.swift; sourceTree = "<group>"; };
		71C4965BA8E974E0A6B214CF /* RouteNavigationView.swift */ = {isa = PBXFileReference; lastKnownFileType = sourcecode.swift; path = RouteNavigationView.swift; sourceTree = "<group>"; };
		75D7EC839B4E3F7B106C2E6C /* ComplicationProvider.swift */ = {isa = PBXFileReference; lastKnownFileType = sourcecode.swift; path = ComplicationProvider.swift; sourceTree = "<group>"; };
		7EA8C9B9596FCD2188B27DCB /* Assets.xcassets */ = {isa = PBXFileReference; lastKnownFileType = folder.assetcatalog; path = Assets.xcassets; sourceTree = "<group>"; };
		7FC63A3A2D8799086BC58523 /* RegisterReaderTests.swift */ = {isa = PBXFileReference; lastKnownFileType = sourcecode.swift; path = RegisterReaderTests.swift; sourceTree = "<group>"; };
		83460368F60A53C5A30952A7 /* NinebotTransportTests.swift */ = {isa = PBXFileReference; lastKnownFileType = sourcecode.swift; path = NinebotTransportTests.swift; sourceTree = "<group>"; };
		863AE1336A31A4B389EB86D6 /* WatchConnectivityManager.swift */ = {isa = PBXFileReference; lastKnownFileType = sourcecode.swift; path = WatchConnectivityManager.swift; sourceTree = "<group>"; };
		867A0316339825606B7EBFEA /* GT3APIClientTests.swift */ = {isa = PBXFileReference; lastKnownFileType = sourcecode.swift; path = GT3APIClientTests.swift; sourceTree = "<group>"; };
		86B8226EFDA7D34866B48B2E /* GT3CompanionVision.app */ = {isa = PBXFileReference; explicitFileType = wrapper.application; includeInIndex = 0; path = GT3CompanionVision.app; sourceTree = BUILT_PRODUCTS_DIR; };
		891BD92EAAEA3BFE7C483FEA /* GT3CompanionWatchApp.swift */ = {isa = PBXFileReference; lastKnownFileType = sourcecode.swift; path = GT3CompanionWatchApp.swift; sourceTree = "<group>"; };
		8934033CB09959903D59EF5C /* KeyDerivation.swift */ = {isa = PBXFileReference; lastKnownFileType = sourcecode.swift; path = KeyDerivation.swift; sourceTree = "<group>"; };
		8FC8DF5E472D510C6DDEDF69 /* GT3Companion.entitlements */ = {isa = PBXFileReference; lastKnownFileType = text.plist.entitlements; path = GT3Companion.entitlements; sourceTree = "<group>"; };
		8FDD78758A79865ACE4CE701 /* NinebotFrameBuilder.swift */ = {isa = PBXFileReference; lastKnownFileType = sourcecode.swift; path = NinebotFrameBuilder.swift; sourceTree = "<group>"; };
		997B5274C0201254D5A58FB9 /* SettingsView.swift */ = {isa = PBXFileReference; lastKnownFileType = sourcecode.swift; path = SettingsView.swift; sourceTree = "<group>"; };
		A3EA3E613117DC3CB9BF72A9 /* TelemetryParser.swift */ = {isa = PBXFileReference; lastKnownFileType = sourcecode.swift; path = TelemetryParser.swift; sourceTree = "<group>"; };
		A98F52FDEE889FF02990D9F0 /* GT3LiveActivityManager.swift */ = {isa = PBXFileReference; lastKnownFileType = sourcecode.swift; path = GT3LiveActivityManager.swift; sourceTree = "<group>"; };
		ACAA4BB834A0DB9BE3860C6D /* GT3CompanionWidgetsBundle.swift */ = {isa = PBXFileReference; lastKnownFileType = sourcecode.swift; path = GT3CompanionWidgetsBundle.swift; sourceTree = "<group>"; };
		ACFF7915A5105F90F7895B3B /* Info.plist */ = {isa = PBXFileReference; lastKnownFileType = text.plist; path = Info.plist; sourceTree = "<group>"; };
		ADC13C5A39D3483D8EEDD04B /* Info.plist */ = {isa = PBXFileReference; lastKnownFileType = text.plist; path = Info.plist; sourceTree = "<group>"; };
		AEC6013FFE64589ED662804D /* PreviewHelpers.swift */ = {isa = PBXFileReference; lastKnownFileType = sourcecode.swift; path = PreviewHelpers.swift; sourceTree = "<group>"; };
		B37C34C9C57F04F3812AA098 /* DataExtensions.swift */ = {isa = PBXFileReference; lastKnownFileType = sourcecode.swift; path = DataExtensions.swift; sourceTree = "<group>"; };
		B7BEE3B916F38F756C2A05FA /* GT3Registers.swift */ = {isa = PBXFileReference; lastKnownFileType = sourcecode.swift; path = GT3Registers.swift; sourceTree = "<group>"; };
		BDE60F2A3E20E8CFCAE04D6A /* GT3CompanionWidgets.appex */ = {isa = PBXFileReference; explicitFileType = "wrapper.app-extension"; includeInIndex = 0; path = GT3CompanionWidgets.appex; sourceTree = BUILT_PRODUCTS_DIR; };
		BEEE5678757A80552FB8CD6E /* JavaLCGTests.swift */ = {isa = PBXFileReference; lastKnownFileType = sourcecode.swift; path = JavaLCGTests.swift; sourceTree = "<group>"; };
		BFD55D92AFA58C5FCCB083F7 /* ScooterPeripheralDelegate.swift */ = {isa = PBXFileReference; lastKnownFileType = sourcecode.swift; path = ScooterPeripheralDelegate.swift; sourceTree = "<group>"; };
		C52F4AD50049BAA6D58C7B83 /* GT3CompanionMac.app */ = {isa = PBXFileReference; explicitFileType = wrapper.application; includeInIndex = 0; path = GT3CompanionMac.app; sourceTree = BUILT_PRODUCTS_DIR; };
		C578ACBA36D95C48E179455A /* AppCoordinator.swift */ = {isa = PBXFileReference; lastKnownFileType = sourcecode.swift; path = AppCoordinator.swift; sourceTree = "<group>"; };
		C76AE1C74BD9FB056599493D /* SurfaceRoughnessTracker.swift */ = {isa = PBXFileReference; lastKnownFileType = sourcecode.swift; path = SurfaceRoughnessTracker.swift; sourceTree = "<group>"; };
		C822EB76A11042B82719F773 /* GT3Companion.app */ = {isa = PBXFileReference; explicitFileType = wrapper.application; includeInIndex = 0; path = GT3Companion.app; sourceTree = BUILT_PRODUCTS_DIR; };
		C894222A35BFDE918279DBCA /* GT3APIClient.swift */ = {isa = PBXFileReference; lastKnownFileType = sourcecode.swift; path = GT3APIClient.swift; sourceTree = "<group>"; };
		C96A0466670E6039D58C90A6 /* Assets.xcassets */ = {isa = PBXFileReference; lastKnownFileType = folder.assetcatalog; path = Assets.xcassets; sourceTree = "<group>"; };
		CA0670D4CC9E61B989E835AC /* Info.plist */ = {isa = PBXFileReference; lastKnownFileType = text.plist; path = Info.plist; sourceTree = "<group>"; };
		CB87773429ACD607F25A8BF3 /* ContentView.swift */ = {isa = PBXFileReference; lastKnownFileType = sourcecode.swift; path = ContentView.swift; sourceTree = "<group>"; };
		CE53582C2CC4F2EFA20AD815 /* Theme.swift */ = {isa = PBXFileReference; lastKnownFileType = sourcecode.swift; path = Theme.swift; sourceTree = "<group>"; };
		D79298EC0DD3C0258F248BCC /* GT3CompanionTests.xctest */ = {isa = PBXFileReference; explicitFileType = wrapper.cfbundle; includeInIndex = 0; path = GT3CompanionTests.xctest; sourceTree = BUILT_PRODUCTS_DIR; };
		D8D8302BED52B6CDA212C08A /* AESHelperTests.swift */ = {isa = PBXFileReference; lastKnownFileType = sourcecode.swift; path = AESHelperTests.swift; sourceTree = "<group>"; };
		DEE7C3B06D5FF3708534DD86 /* JavaLCG.swift */ = {isa = PBXFileReference; lastKnownFileType = sourcecode.swift; path = JavaLCG.swift; sourceTree = "<group>"; };
		DFA059564462F3ED6EFEE13A /* StatCard.swift */ = {isa = PBXFileReference; lastKnownFileType = sourcecode.swift; path = StatCard.swift; sourceTree = "<group>"; };
		E4967528A480BD2A3DAAC694 /* GT3LiveActivityManagerTests.swift */ = {isa = PBXFileReference; lastKnownFileType = sourcecode.swift; path = GT3LiveActivityManagerTests.swift; sourceTree = "<group>"; };
		EA3529E2F04653B7962C5A5B /* GPSTrackerTests.swift */ = {isa = PBXFileReference; lastKnownFileType = sourcecode.swift; path = GPSTrackerTests.swift; sourceTree = "<group>"; };
		EB74E70511E2177DEC4F0210 /* RideTracker.swift */ = {isa = PBXFileReference; lastKnownFileType = sourcecode.swift; path = RideTracker.swift; sourceTree = "<group>"; };
		EBEE3BF0C58F8ABAFF006549 /* MapRouteView.swift */ = {isa = PBXFileReference; lastKnownFileType = sourcecode.swift; path = MapRouteView.swift; sourceTree = "<group>"; };
		EF41BC7A131F7835D3D5FC88 /* KeyDerivationTests.swift */ = {isa = PBXFileReference; lastKnownFileType = sourcecode.swift; path = KeyDerivationTests.swift; sourceTree = "<group>"; };
		F0B48C9C3F689A08A9DF0FDE /* WatchRideView.swift */ = {isa = PBXFileReference; lastKnownFileType = sourcecode.swift; path = WatchRideView.swift; sourceTree = "<group>"; };
		F2457DD0E36F44181C0211AD /* PermissionsManager.swift */ = {isa = PBXFileReference; lastKnownFileType = sourcecode.swift; path = PermissionsManager.swift; sourceTree = "<group>"; };
		F4E04531F9A6C7BD543444A1 /* NinebotTransport.swift */ = {isa = PBXFileReference; lastKnownFileType = sourcecode.swift; path = NinebotTransport.swift; sourceTree = "<group>"; };
		F79C0E11316D08F40945E24B /* ScooterConnectionManager.swift */ = {isa = PBXFileReference; lastKnownFileType = sourcecode.swift; path = ScooterConnectionManager.swift; sourceTree = "<group>"; };
		FA58425277ED9CA3252868B8 /* MacContentView.swift */ = {isa = PBXFileReference; lastKnownFileType = sourcecode.swift; path = MacContentView.swift; sourceTree = "<group>"; };
		FA8D580E2A873BE70E1F49EE /* RideWorkoutManager.swift */ = {isa = PBXFileReference; lastKnownFileType = sourcecode.swift; path = RideWorkoutManager.swift; sourceTree = "<group>"; };
		FA8F629FF9561B10531DA56F /* BLEConstantsTests.swift */ = {isa = PBXFileReference; lastKnownFileType = sourcecode.swift; path = BLEConstantsTests.swift; sourceTree = "<group>"; };
		FAEBB62130BDD68B0D3B2695 /* AggregateAnalyticsView.swift */ = {isa = PBXFileReference; lastKnownFileType = sourcecode.swift; path = AggregateAnalyticsView.swift; sourceTree = "<group>"; };
		FD7FB93A05065AD29C9B23A0 /* BLEConstants.swift */ = {isa = PBXFileReference; lastKnownFileType = sourcecode.swift; path = BLEConstants.swift; sourceTree = "<group>"; };
		FE1DF0B6837DF0A29239682E /* NinebotCrypto.swift */ = {isa = PBXFileReference; lastKnownFileType = sourcecode.swift; path = NinebotCrypto.swift; sourceTree = "<group>"; };
		FE3DCC1765A31632B0016C37 /* GPXExporterTests.swift */ = {isa = PBXFileReference; lastKnownFileType = sourcecode.swift; path = GPXExporterTests.swift; sourceTree = "<group>"; };
/* End PBXFileReference section */

/* Begin PBXGroup section */
		03732673DBAB49B295EFEEE1 /* Navigation */ = {
			isa = PBXGroup;
			children = (
				13B4AB9F1F1CAE720C0A2B9B /* NavigationManager.swift */,
			);
			path = Navigation;
			sourceTree = "<group>";
		};
		0DE1ADF533323F50B81D357F /* GT3CompanionVision */ = {
			isa = PBXGroup;
			children = (
				C96A0466670E6039D58C90A6 /* Assets.xcassets */,
				58211C5A6E89A9919BDE331B /* GT3CompanionVisionApp.swift */,
				5FA2314681A86349911C2B0F /* Info.plist */,
				1DCD3F4E090513234E3E93D4 /* VisionContentView.swift */,
			);
			path = GT3CompanionVision;
			sourceTree = "<group>";
		};
		1D5E70F7D9DCE658B083FF39 /* GT3CompanionWatch */ = {
			isa = PBXGroup;
			children = (
				076C636C181D531B39F21178 /* Assets.xcassets */,
				75D7EC839B4E3F7B106C2E6C /* ComplicationProvider.swift */,
				891BD92EAAEA3BFE7C483FEA /* GT3CompanionWatchApp.swift */,
				1E34BA6710E1650D5275870E /* Info.plist */,
				FA8D580E2A873BE70E1F49EE /* RideWorkoutManager.swift */,
				863AE1336A31A4B389EB86D6 /* WatchConnectivityManager.swift */,
				F0B48C9C3F689A08A9DF0FDE /* WatchRideView.swift */,
			);
			path = GT3CompanionWatch;
			sourceTree = "<group>";
		};
		1E218CAFC8EDFAADB68FF41F /* Components */ = {
			isa = PBXGroup;
			children = (
				0856E72AC9FBE6ED37B60387 /* InfoRow.swift */,
				DFA059564462F3ED6EFEE13A /* StatCard.swift */,
			);
			path = Components;
			sourceTree = "<group>";
		};
		21095628F71C2695BA153843 /* GT3Companion */ = {
			isa = PBXGroup;
			children = (
				2E6E068D2FFD52B5C440C611 /* Assets.xcassets */,
				8FC8DF5E472D510C6DDEDF69 /* GT3Companion.entitlements */,
				CA0670D4CC9E61B989E835AC /* Info.plist */,
				B725655AD3100EA482466C21 /* App */,
				24D6454286A531DA57B6508C /* BLE */,
				61B0DF80B86EBFC9E5D02262 /* Crypto */,
				4799BD5273FF79207606DF7B /* Data */,
				03732673DBAB49B295EFEEE1 /* Navigation */,
				61B1F5D6F89A8E74EFA9C34A /* Upload */,
				3506AE1E52760D981BAF2A1E /* Views */,
			);
			path = GT3Companion;
			sourceTree = "<group>";
		};
		24D6454286A531DA57B6508C /* BLE */ = {
			isa = PBXGroup;
			children = (
				FD7FB93A05065AD29C9B23A0 /* BLEConstants.swift */,
				8FDD78758A79865ACE4CE701 /* NinebotFrameBuilder.swift */,
				F4E04531F9A6C7BD543444A1 /* NinebotTransport.swift */,
				F79C0E11316D08F40945E24B /* ScooterConnectionManager.swift */,
				BFD55D92AFA58C5FCCB083F7 /* ScooterPeripheralDelegate.swift */,
			);
			path = BLE;
			sourceTree = "<group>";
		};
		3506AE1E52760D981BAF2A1E /* Views */ = {
			isa = PBXGroup;
			children = (
				FAEBB62130BDD68B0D3B2695 /* AggregateAnalyticsView.swift */,
				CB87773429ACD607F25A8BF3 /* ContentView.swift */,
				15ECCFB9DA9B244FB4261E4E /* DashboardView.swift */,
				A98F52FDEE889FF02990D9F0 /* GT3LiveActivityManager.swift */,
				11CCA802EAEB244E26A00839 /* HROverlayView.swift */,
				EBEE3BF0C58F8ABAFF006549 /* MapRouteView.swift */,
				0B3AAFD381FF70FD11643480 /* OnboardingView.swift */,
				11C5682B34F0870664C57915 /* PairingView.swift */,
				55FE211690F8E6728DBC3A59 /* RideDetailView.swift */,
				05FA94F2A81DC172E483E5B4 /* RideHistoryView.swift */,
				71C4965BA8E974E0A6B214CF /* RouteNavigationView.swift */,
				55D4452F70F7EF550BC5F879 /* ScooterInfoView.swift */,
				997B5274C0201254D5A58FB9 /* SettingsView.swift */,
				1E218CAFC8EDFAADB68FF41F /* Components */,
			);
			path = Views;
			sourceTree = "<group>";
		};
		4799BD5273FF79207606DF7B /* Data */ = {
			isa = PBXGroup;
			children = (
				0C1ECE09CFA84C86FA1A4892 /* GPSTracker.swift */,
				19905BAB58FB3DB581F8B592 /* GPXExporter.swift */,
				B7BEE3B916F38F756C2A05FA /* GT3Registers.swift */,
				424F02984953C13821C555EE /* RegisterReader.swift */,
				EB74E70511E2177DEC4F0210 /* RideTracker.swift */,
				C76AE1C74BD9FB056599493D /* SurfaceRoughnessTracker.swift */,
				A3EA3E613117DC3CB9BF72A9 /* TelemetryParser.swift */,
			);
			path = Data;
			sourceTree = "<group>";
		};
		480146D7597BFCCDA52CE893 /* GT3CompanionTests */ = {
			isa = PBXGroup;
			children = (
				D8D8302BED52B6CDA212C08A /* AESHelperTests.swift */,
				FA8F629FF9561B10531DA56F /* BLEConstantsTests.swift */,
				EA3529E2F04653B7962C5A5B /* GPSTrackerTests.swift */,
				FE3DCC1765A31632B0016C37 /* GPXExporterTests.swift */,
				867A0316339825606B7EBFEA /* GT3APIClientTests.swift */,
				2CFA6EEC6FC4981ACF73576B /* GT3CompanionTests.swift */,
				E4967528A480BD2A3DAAC694 /* GT3LiveActivityManagerTests.swift */,
				3ABE49BC4B627FB608831639 /* GT3RegistersTests.swift */,
				BEEE5678757A80552FB8CD6E /* JavaLCGTests.swift */,
				EF41BC7A131F7835D3D5FC88 /* KeyDerivationTests.swift */,
				45160E9C4AC8147D2A6D6029 /* NinebotAuthTests.swift */,
				0533325A4BB52BAE271F38E0 /* NinebotCryptoTests.swift */,
				5312D85AD3849B1B86711DF6 /* NinebotFrameBuilderTests.swift */,
				83460368F60A53C5A30952A7 /* NinebotTransportTests.swift */,
				7FC63A3A2D8799086BC58523 /* RegisterReaderTests.swift */,
				493E6A4BC6CC47F6D1F9762B /* RideTrackerTests.swift */,
				0901B8C6458BCC78713A6A9C /* ScooterConnectionManagerTests.swift */,
				3D6E8F36E6C056415E4BB47A /* TelemetryParserTests.swift */,
				4EE0032842C5447ED97334A9 /* UploadQueueTests.swift */,
			);
			path = GT3CompanionTests;
			sourceTree = "<group>";
		};
		5E0816D35C639C775E670EDD /* GT3CompanionMac */ = {
			isa = PBXGroup;
			children = (
				7EA8C9B9596FCD2188B27DCB /* Assets.xcassets */,
				047BB1B09415CC35C15712AE /* GT3CompanionMacApp.swift */,
				ADC13C5A39D3483D8EEDD04B /* Info.plist */,
				FA58425277ED9CA3252868B8 /* MacContentView.swift */,
			);
			path = GT3CompanionMac;
			sourceTree = "<group>";
		};
		61B0DF80B86EBFC9E5D02262 /* Crypto */ = {
			isa = PBXGroup;
			children = (
				661067C3865CBF095F1EF85B /* AESHelper.swift */,
				DEE7C3B06D5FF3708534DD86 /* JavaLCG.swift */,
				8934033CB09959903D59EF5C /* KeyDerivation.swift */,
				58F5E78620013EA4336A56E9 /* NinebotAuth.swift */,
				FE1DF0B6837DF0A29239682E /* NinebotCrypto.swift */,
			);
			path = Crypto;
			sourceTree = "<group>";
		};
		61B1F5D6F89A8E74EFA9C34A /* Upload */ = {
			isa = PBXGroup;
			children = (
				C894222A35BFDE918279DBCA /* GT3APIClient.swift */,
				44F46F784FC8CE9B05A670EC /* UploadQueue.swift */,
			);
			path = Upload;
			sourceTree = "<group>";
		};
		74FAD1F0A2DF52180357AE1A /* GT3CompanionWidgets */ = {
			isa = PBXGroup;
			children = (
				ACAA4BB834A0DB9BE3860C6D /* GT3CompanionWidgetsBundle.swift */,
				35AB36E7D729C0D68B6B3A03 /* GT3LiveActivity.swift */,
				ACFF7915A5105F90F7895B3B /* Info.plist */,
			);
			path = GT3CompanionWidgets;
			sourceTree = "<group>";
		};
		B4FD83A77ED573D2970E06AD = {
			isa = PBXGroup;
			children = (
				21095628F71C2695BA153843 /* GT3Companion */,
				5E0816D35C639C775E670EDD /* GT3CompanionMac */,
				480146D7597BFCCDA52CE893 /* GT3CompanionTests */,
				0DE1ADF533323F50B81D357F /* GT3CompanionVision */,
				1D5E70F7D9DCE658B083FF39 /* GT3CompanionWatch */,
				74FAD1F0A2DF52180357AE1A /* GT3CompanionWidgets */,
				F8A5095741E1DB3595293CDD /* Shared */,
				EE5CF9188D790443CFFFEFCA /* Products */,
			);
			sourceTree = "<group>";
		};
		B725655AD3100EA482466C21 /* App */ = {
			isa = PBXGroup;
			children = (
				C578ACBA36D95C48E179455A /* AppCoordinator.swift */,
				B37C34C9C57F04F3812AA098 /* DataExtensions.swift */,
				117232BCF6C3AE194334376A /* DebugLogStore.swift */,
				5CA73CFF555039D3094FDDBF /* GT3CompanionApp.swift */,
				F2457DD0E36F44181C0211AD /* PermissionsManager.swift */,
				374129A26773B2CE08A45568 /* ScooterKeychain.swift */,
			);
			path = App;
			sourceTree = "<group>";
		};
		EE5CF9188D790443CFFFEFCA /* Products */ = {
			isa = PBXGroup;
			children = (
				C822EB76A11042B82719F773 /* GT3Companion.app */,
				C52F4AD50049BAA6D58C7B83 /* GT3CompanionMac.app */,
				D79298EC0DD3C0258F248BCC /* GT3CompanionTests.xctest */,
				86B8226EFDA7D34866B48B2E /* GT3CompanionVision.app */,
				60A31234CEAAD986C4952B40 /* GT3CompanionWatch.app */,
				BDE60F2A3E20E8CFCAE04D6A /* GT3CompanionWidgets.appex */,
			);
			name = Products;
			sourceTree = "<group>";
		};
		F8A5095741E1DB3595293CDD /* Shared */ = {
			isa = PBXGroup;
			children = (
				2F60D7016AF895D2E94ABCA0 /* AuthManager.swift */,
				2D0BC7212A2BD252D996C21B /* GT3RideAttributes.swift */,
				5E9E161CA55B49466B7C67D5 /* LoginView.swift */,
				00985FF0F4FBE77CCCE61CE6 /* PersistenceController.swift */,
				AEC6013FFE64589ED662804D /* PreviewHelpers.swift */,
				5321F13F45361AC2D0345AF4 /* RideSyncService.swift */,
				3B7F41D6D8220A7D36237600 /* ServerRide.swift */,
				189ACD3403BEBC384D6A42CE /* SwiftDataModels.swift */,
				CE53582C2CC4F2EFA20AD815 /* Theme.swift */,
			);
			path = Shared;
			sourceTree = "<group>";
		};
/* End PBXGroup section */

/* Begin PBXNativeTarget section */
		1F8F4FC8E50B9764CB67E92E /* GT3CompanionVision */ = {
			isa = PBXNativeTarget;
			buildConfigurationList = D2867066613F32D0850AB272 /* Build configuration list for PBXNativeTarget "GT3CompanionVision" */;
			buildPhases = (
				9BF6145826C6D4C78C815141 /* Sources */,
				2BF92100F1D2EF79953FE608 /* Resources */,
			);
			buildRules = (
			);
			dependencies = (
			);
			name = GT3CompanionVision;
			packageProductDependencies = (
			);
			productName = GT3CompanionVision;
			productReference = 86B8226EFDA7D34866B48B2E /* GT3CompanionVision.app */;
			productType = "com.apple.product-type.application";
		};
		3150836385EF705E4F18E305 /* GT3CompanionTests */ = {
			isa = PBXNativeTarget;
			buildConfigurationList = BF71BD0226FC3DF94FACBD89 /* Build configuration list for PBXNativeTarget "GT3CompanionTests" */;
			buildPhases = (
				30930A7B36D4BDFAB7A3BFA3 /* Sources */,
			);
			buildRules = (
			);
			dependencies = (
				C13412BEC74B9836A76974DD /* PBXTargetDependency */,
			);
			name = GT3CompanionTests;
			packageProductDependencies = (
			);
			productName = GT3CompanionTests;
			productReference = D79298EC0DD3C0258F248BCC /* GT3CompanionTests.xctest */;
			productType = "com.apple.product-type.bundle.unit-test";
		};
		60CF77045CBDFA1F08899A3E /* GT3CompanionMac */ = {
			isa = PBXNativeTarget;
			buildConfigurationList = E78FAFB76BD29B247C70FF65 /* Build configuration list for PBXNativeTarget "GT3CompanionMac" */;
			buildPhases = (
				547A25B58848AD63FB9C7748 /* Sources */,
				A3C0B161748D5406CEA07539 /* Resources */,
			);
			buildRules = (
			);
			dependencies = (
			);
			name = GT3CompanionMac;
			packageProductDependencies = (
			);
			productName = GT3CompanionMac;
			productReference = C52F4AD50049BAA6D58C7B83 /* GT3CompanionMac.app */;
			productType = "com.apple.product-type.application";
		};
		8DAAB8E08DF7CB2411D8C05B /* GT3Companion */ = {
			isa = PBXNativeTarget;
			buildConfigurationList = 3B8F51E557609D01DBC93BCF /* Build configuration list for PBXNativeTarget "GT3Companion" */;
			buildPhases = (
				C17BE4C51F76B1E68B910D09 /* Sources */,
				935C4F7B3C77F195DED9A15F /* Resources */,
				1D0A8F457FE77AD5C45A3969 /* Embed Foundation Extensions */,
			);
			buildRules = (
			);
			dependencies = (
				B64D10485DF18BA7004FB6F5 /* PBXTargetDependency */,
			);
			name = GT3Companion;
			packageProductDependencies = (
			);
			productName = GT3Companion;
			productReference = C822EB76A11042B82719F773 /* GT3Companion.app */;
			productType = "com.apple.product-type.application";
		};
		A83A7797F28590F653E2440A /* GT3CompanionWatch */ = {
			isa = PBXNativeTarget;
			buildConfigurationList = 8F1A7E81A551649E75933476 /* Build configuration list for PBXNativeTarget "GT3CompanionWatch" */;
			buildPhases = (
				C78ED7DE041B3B52823A64F0 /* Sources */,
				3D11EBD81E4ABF61ACEE104B /* Resources */,
			);
			buildRules = (
			);
			dependencies = (
			);
			name = GT3CompanionWatch;
			packageProductDependencies = (
			);
			productName = GT3CompanionWatch;
			productReference = 60A31234CEAAD986C4952B40 /* GT3CompanionWatch.app */;
			productType = "com.apple.product-type.application";
		};
		D7725A84B2A0C61CCFC07BC5 /* GT3CompanionWidgets */ = {
			isa = PBXNativeTarget;
			buildConfigurationList = 021C5650EE80B2FAE933D146 /* Build configuration list for PBXNativeTarget "GT3CompanionWidgets" */;
			buildPhases = (
				2288948FAE9B5D75953D00B5 /* Sources */,
			);
			buildRules = (
			);
			dependencies = (
			);
			name = GT3CompanionWidgets;
			packageProductDependencies = (
			);
			productName = GT3CompanionWidgets;
			productReference = BDE60F2A3E20E8CFCAE04D6A /* GT3CompanionWidgets.appex */;
			productType = "com.apple.product-type.app-extension";
		};
/* End PBXNativeTarget section */

/* Begin PBXProject section */
		F9DD18F549BB83F9A6477CFC /* Project object */ = {
			isa = PBXProject;
			attributes = {
				BuildIndependentTargetsInParallel = YES;
				LastUpgradeCheck = 2640;
				TargetAttributes = {
					1F8F4FC8E50B9764CB67E92E = {
						ProvisioningStyle = Automatic;
					};
					60CF77045CBDFA1F08899A3E = {
						ProvisioningStyle = Automatic;
					};
					8DAAB8E08DF7CB2411D8C05B = {
						ProvisioningStyle = Automatic;
					};
					A83A7797F28590F653E2440A = {
						ProvisioningStyle = Automatic;
					};
					D7725A84B2A0C61CCFC07BC5 = {
						ProvisioningStyle = Automatic;
					};
				};
			};
			buildConfigurationList = 1C50F81B44B0A0F6ED6360C1 /* Build configuration list for PBXProject "GT3Companion" */;
			developmentRegion = en;
			hasScannedForEncodings = 0;
			knownRegions = (
				Base,
				en,
			);
			mainGroup = B4FD83A77ED573D2970E06AD;
			minimizedProjectReferenceProxies = 1;
			preferredProjectObjectVersion = 77;
			productRefGroup = EE5CF9188D790443CFFFEFCA /* Products */;
			projectDirPath = "";
			projectRoot = "";
			targets = (
				8DAAB8E08DF7CB2411D8C05B /* GT3Companion */,
				60CF77045CBDFA1F08899A3E /* GT3CompanionMac */,
				3150836385EF705E4F18E305 /* GT3CompanionTests */,
				1F8F4FC8E50B9764CB67E92E /* GT3CompanionVision */,
				A83A7797F28590F653E2440A /* GT3CompanionWatch */,
				D7725A84B2A0C61CCFC07BC5 /* GT3CompanionWidgets */,
			);
		};
/* End PBXProject section */

/* Begin PBXResourcesBuildPhase section */
		2BF92100F1D2EF79953FE608 /* Resources */ = {
			isa = PBXResourcesBuildPhase;
			buildActionMask = 2147483647;
			files = (
				97E261DC233D81C256FB28B9 /* Assets.xcassets in Resources */,
			);
			runOnlyForDeploymentPostprocessing = 0;
		};
		3D11EBD81E4ABF61ACEE104B /* Resources */ = {
			isa = PBXResourcesBuildPhase;
			buildActionMask = 2147483647;
			files = (
				DC91D3C3BDAD54F8A83ABE0D /* Assets.xcassets in Resources */,
			);
			runOnlyForDeploymentPostprocessing = 0;
		};
		935C4F7B3C77F195DED9A15F /* Resources */ = {
			isa = PBXResourcesBuildPhase;
			buildActionMask = 2147483647;
			files = (
				81D7BA3C931E113898DD539C /* Assets.xcassets in Resources */,
			);
			runOnlyForDeploymentPostprocessing = 0;
		};
		A3C0B161748D5406CEA07539 /* Resources */ = {
			isa = PBXResourcesBuildPhase;
			buildActionMask = 2147483647;
			files = (
				37CF00D5FFFA017AA1C2B81A /* Assets.xcassets in Resources */,
			);
			runOnlyForDeploymentPostprocessing = 0;
		};
/* End PBXResourcesBuildPhase section */

/* Begin PBXSourcesBuildPhase section */
		2288948FAE9B5D75953D00B5 /* Sources */ = {
			isa = PBXSourcesBuildPhase;
			buildActionMask = 2147483647;
			files = (
				6376A7E895571C1EADBA9308 /* AuthManager.swift in Sources */,
				0C8889E0C40B8FE46C7B7384 /* GT3CompanionWidgetsBundle.swift in Sources */,
				2EC4462F146FF8FF09753F09 /* GT3LiveActivity.swift in Sources */,
				BCD9B0A7ABA989E446832078 /* GT3RideAttributes.swift in Sources */,
				8C8633C36AE3426F055EE202 /* LoginView.swift in Sources */,
				3DF0D808D46289DC26A9D8EB /* PersistenceController.swift in Sources */,
				326A8EAD4EA3A92FECD50F3F /* PreviewHelpers.swift in Sources */,
				E9B979044EDB3417C1DBBAB7 /* RideSyncService.swift in Sources */,
				D7536E330454E44B176F4E62 /* ServerRide.swift in Sources */,
				349A8C3B5D23DFA1CC8AB497 /* SwiftDataModels.swift in Sources */,
				301CE4D692028486F466BF18 /* Theme.swift in Sources */,
			);
			runOnlyForDeploymentPostprocessing = 0;
		};
		30930A7B36D4BDFAB7A3BFA3 /* Sources */ = {
			isa = PBXSourcesBuildPhase;
			buildActionMask = 2147483647;
			files = (
				9DB54D1BF352F6D0EF538E5F /* AESHelperTests.swift in Sources */,
				4BC625C2D3BB5FCC4438003E /* BLEConstantsTests.swift in Sources */,
				5D1C2C708109269FA6E8BCA2 /* GPSTrackerTests.swift in Sources */,
				611A485760E1F7062E2A293E /* GPXExporterTests.swift in Sources */,
				6E23544846BC5EEC1DC88675 /* GT3APIClientTests.swift in Sources */,
				7A925BD6B53F8E6668D072C8 /* GT3CompanionTests.swift in Sources */,
				6981DC0A0998E0E420EB3580 /* GT3LiveActivityManagerTests.swift in Sources */,
				D941EC95DE6544512A52074A /* GT3RegistersTests.swift in Sources */,
				667C96D36D8A1492900AE4FE /* JavaLCGTests.swift in Sources */,
				8129DDC3E23E43B303E71586 /* KeyDerivationTests.swift in Sources */,
				AD9AE97BEBC7105939F36C3A /* NinebotAuthTests.swift in Sources */,
				BE07B60042098A1ADCB739A6 /* NinebotCryptoTests.swift in Sources */,
				F3E43A2E9CD4321FFDF4AB01 /* NinebotFrameBuilderTests.swift in Sources */,
				CD3CFFE66FCAD787FA6DAFD4 /* NinebotTransportTests.swift in Sources */,
				3F9E66D56F8851A8BF3A7C56 /* RegisterReaderTests.swift in Sources */,
				5C87DAD23B4EFD25C8768839 /* RideTrackerTests.swift in Sources */,
				6471858475656BCE7F3C71BB /* ScooterConnectionManagerTests.swift in Sources */,
				49A0FE3BA5D02FE42E7E6619 /* TelemetryParserTests.swift in Sources */,
				1D72CA507FFC44DE20181BDA /* UploadQueueTests.swift in Sources */,
			);
			runOnlyForDeploymentPostprocessing = 0;
		};
		547A25B58848AD63FB9C7748 /* Sources */ = {
			isa = PBXSourcesBuildPhase;
			buildActionMask = 2147483647;
			files = (
				02E13A9AE97698BD233B920B /* AuthManager.swift in Sources */,
				928A708482AF1A011B59847B /* GT3CompanionMacApp.swift in Sources */,
				0DF2E1196C1BC1747DDE07D4 /* GT3RideAttributes.swift in Sources */,
				4E2EF56AE92EC2B26C5946C3 /* LoginView.swift in Sources */,
				E849A2BAB32AACC0A8D08C37 /* MacContentView.swift in Sources */,
				C1D0C33C2FBFC0B1F0A65A57 /* PersistenceController.swift in Sources */,
				EA1B494C1BE3A861C9BB878F /* PreviewHelpers.swift in Sources */,
				F446839ED07C359D80263844 /* RideSyncService.swift in Sources */,
				475496F3CAA9923B88C471B7 /* ServerRide.swift in Sources */,
				E9CAA780DC33797AB9417F97 /* SwiftDataModels.swift in Sources */,
				EB5A30564B4E37F9D8F36416 /* Theme.swift in Sources */,
			);
			runOnlyForDeploymentPostprocessing = 0;
		};
		9BF6145826C6D4C78C815141 /* Sources */ = {
			isa = PBXSourcesBuildPhase;
			buildActionMask = 2147483647;
			files = (
				FA13A2007A1B2131ED1C0C01 /* AuthManager.swift in Sources */,
				5B8B2DEF2BEAD0E2F187FC2A /* GT3CompanionVisionApp.swift in Sources */,
				8193ABBD8A123282200926E7 /* GT3RideAttributes.swift in Sources */,
				24B89E2606E4F5CC3CCDEE13 /* LoginView.swift in Sources */,
				E2945ED06BB15957725B2660 /* PersistenceController.swift in Sources */,
				CAFB4CAD608DDFEFE747D4D3 /* PreviewHelpers.swift in Sources */,
				14081CD2FA3DE9C3454C6EF0 /* RideSyncService.swift in Sources */,
				084A0587EFCFF51932FBCFF3 /* ServerRide.swift in Sources */,
				A10D89015E329474E1CA78F2 /* SwiftDataModels.swift in Sources */,
				5F3888A7666C48AA5B8443C3 /* Theme.swift in Sources */,
				18816EF42D84BEE79BAECC77 /* VisionContentView.swift in Sources */,
			);
			runOnlyForDeploymentPostprocessing = 0;
		};
		C17BE4C51F76B1E68B910D09 /* Sources */ = {
			isa = PBXSourcesBuildPhase;
			buildActionMask = 2147483647;
			files = (
				C40F2CFE5E4ED5602CA09F32 /* AESHelper.swift in Sources */,
				7BCA1A87C3E4288C37743552 /* AggregateAnalyticsView.swift in Sources */,
				6D5E2588CE829224EC18BB68 /* AppCoordinator.swift in Sources */,
				CC50E05252F13993B116F455 /* AuthManager.swift in Sources */,
				DF6A88BD36CBAB7FA8DEC557 /* BLEConstants.swift in Sources */,
				31572ECF63F373A2BCAC326E /* ContentView.swift in Sources */,
				A8E0223E41ADE054D28A2EA4 /* DashboardView.swift in Sources */,
				1A073CC2F36A0042C580A3B0 /* DataExtensions.swift in Sources */,
				F15FD8003ED830192B77D39A /* DebugLogStore.swift in Sources */,
				12BC724CF4BE3DEDED407778 /* GPSTracker.swift in Sources */,
				DC91FD896EFB9747551A8451 /* GPXExporter.swift in Sources */,
				94B14C917ABE8C56450D9E5B /* GT3APIClient.swift in Sources */,
				442A1FD606975DF3B90BB12E /* GT3CompanionApp.swift in Sources */,
				7900D8D2F1815E4F13DB020F /* GT3LiveActivityManager.swift in Sources */,
				A902A69E59363833093B62F7 /* GT3Registers.swift in Sources */,
				FC2180F4FEED50A0B0C5F60F /* GT3RideAttributes.swift in Sources */,
				C5C2A7ADE84A9F51A41D04A0 /* HROverlayView.swift in Sources */,
				0758E056912DD69BF99B8A33 /* InfoRow.swift in Sources */,
				72F93EB94912607D21E5FE6F /* JavaLCG.swift in Sources */,
				8A23628C545F836287E58ECC /* KeyDerivation.swift in Sources */,
				A0596FB113CF22FEB4B9523B /* LoginView.swift in Sources */,
				99D0979A5462CB8336CBFE30 /* MapRouteView.swift in Sources */,
				F2B79470FDE4372930456539 /* NavigationManager.swift in Sources */,
				A022DE3920811B71E141BB0F /* NinebotAuth.swift in Sources */,
				1B3980D421AC54B23ADC469A /* NinebotCrypto.swift in Sources */,
				377A07118A0C2F41F0A40D31 /* NinebotFrameBuilder.swift in Sources */,
				F2CD2B1D502623C41495B602 /* NinebotTransport.swift in Sources */,
				4B64A2934B55DA32034D29E3 /* OnboardingView.swift in Sources */,
				F8CCDB6EEDE70D23A759D87E /* PairingView.swift in Sources */,
				C5F7EF20D2B4BF78C81B9E13 /* PermissionsManager.swift in Sources */,
				B65484A304ECCDC5B631F91C /* PersistenceController.swift in Sources */,
				1BA065423E7014CBEF7E5789 /* PreviewHelpers.swift in Sources */,
				8F085638E5D961EC00DE31CE /* RegisterReader.swift in Sources */,
				E98E90FD43E65AD77479B30B /* RideDetailView.swift in Sources */,
				923ECACC43B67071CB146A14 /* RideHistoryView.swift in Sources */,
				3A27C6677CA7CD4D7D5821FF /* RideSyncService.swift in Sources */,
				516E7EE6D37E51B5133E143D /* RideTracker.swift in Sources */,
				2845F91100AAD99587071D9B /* RouteNavigationView.swift in Sources */,
				729BBDA62779EBF888A6BDD0 /* ScooterConnectionManager.swift in Sources */,
				C99CB1DBA6D4E3FC4BAAD86C /* ScooterInfoView.swift in Sources */,
				0DDE0F6E5810331FB90EFC95 /* ScooterKeychain.swift in Sources */,
				4753C941A6D3702FDEFB76A8 /* ScooterPeripheralDelegate.swift in Sources */,
				DA01F12CC8720B29F4525FBA /* ServerRide.swift in Sources */,
				1BEF8CF4A46AD2CD9A912CDD /* SettingsView.swift in Sources */,
				5895CDEDBED135E910777F7D /* StatCard.swift in Sources */,
				571D0940C9C51CBBDB35589D /* SurfaceRoughnessTracker.swift in Sources */,
				E300BDFA14D4E387C71CB1A9 /* SwiftDataModels.swift in Sources */,
				CA89B23819A601DD7DF53246 /* TelemetryParser.swift in Sources */,
				640DEBB3F6A29329AE8ADAE3 /* Theme.swift in Sources */,
				91F3CB9E0228FA0D0AFB59B7 /* UploadQueue.swift in Sources */,
			);
			runOnlyForDeploymentPostprocessing = 0;
		};
		C78ED7DE041B3B52823A64F0 /* Sources */ = {
			isa = PBXSourcesBuildPhase;
			buildActionMask = 2147483647;
			files = (
				2B401A698FFB367DE95FD69F /* ComplicationProvider.swift in Sources */,
				1BCC17969E11E97F3D009E00 /* GT3CompanionWatchApp.swift in Sources */,
				4015788E36F5E39F65B91E0A /* RideWorkoutManager.swift in Sources */,
				5380FA77C5A87906A5A84985 /* WatchConnectivityManager.swift in Sources */,
				D9FF1C381FA92E582C8C9EC8 /* WatchRideView.swift in Sources */,
			);
			runOnlyForDeploymentPostprocessing = 0;
		};
/* End PBXSourcesBuildPhase section */

/* Begin PBXTargetDependency section */
		B64D10485DF18BA7004FB6F5 /* PBXTargetDependency */ = {
			isa = PBXTargetDependency;
			target = D7725A84B2A0C61CCFC07BC5 /* GT3CompanionWidgets */;
			targetProxy = 5CBF446ED955FC40900242EB /* PBXContainerItemProxy */;
		};
		C13412BEC74B9836A76974DD /* PBXTargetDependency */ = {
			isa = PBXTargetDependency;
			target = 8DAAB8E08DF7CB2411D8C05B /* GT3Companion */;
			targetProxy = F1331EB387F3D6DCEAD8AC5D /* PBXContainerItemProxy */;
		};
/* End PBXTargetDependency section */

/* Begin XCBuildConfiguration section */
		13DE7979992E1BD22955C3C4 /* Debug */ = {
			isa = XCBuildConfiguration;
			buildSettings = {
				ASSETCATALOG_COMPILER_APPICON_NAME = AppIcon;
				CODE_SIGN_ENTITLEMENTS = GT3Companion/GT3Companion.entitlements;
				CODE_SIGN_IDENTITY = "iPhone Developer";
				CODE_SIGN_STYLE = Automatic;
				GENERATE_INFOPLIST_FILE = NO;
				INFOPLIST_FILE = GT3Companion/Info.plist;
				LD_RUNPATH_SEARCH_PATHS = (
					"$(inherited)",
					"@executable_path/Frameworks",
				);
				PRODUCT_BUNDLE_IDENTIFIER = org.davidjensenius.GT3Companion;
				SDKROOT = iphoneos;
				TARGETED_DEVICE_FAMILY = "1,2";
			};
			name = Debug;
		};
		1B5A5F00C3FA82AA1A56ACC0 /* Release */ = {
			isa = XCBuildConfiguration;
			buildSettings = {
				CODE_SIGN_STYLE = Automatic;
				GENERATE_INFOPLIST_FILE = NO;
				INFOPLIST_FILE = GT3CompanionWidgets/Info.plist;
				LD_RUNPATH_SEARCH_PATHS = (
					"$(inherited)",
					"@executable_path/Frameworks",
					"@executable_path/../../Frameworks",
				);
				PRODUCT_BUNDLE_IDENTIFIER = org.davidjensenius.GT3Companion.widgets;
				SDKROOT = iphoneos;
				TARGETED_DEVICE_FAMILY = "1,2";
			};
			name = Release;
		};
		3DB95B58DD1B791CF522C6AB /* Debug */ = {
			isa = XCBuildConfiguration;
			buildSettings = {
				ASSETCATALOG_COMPILER_APPICON_NAME = AppIcon;
				CODE_SIGN_STYLE = Automatic;
				GENERATE_INFOPLIST_FILE = NO;
				INFOPLIST_FILE = GT3CompanionWatch/Info.plist;
				PRODUCT_BUNDLE_IDENTIFIER = org.davidjensenius.GT3Companion.watch;
				SDKROOT = watchos;
				SKIP_INSTALL = YES;
				TARGETED_DEVICE_FAMILY = 4;
			};
			name = Debug;
		};
		668D4D26572D88D6752386CF /* Release */ = {
			isa = XCBuildConfiguration;
			buildSettings = {
				ASSETCATALOG_COMPILER_APPICON_NAME = AppIcon;
				CODE_SIGN_STYLE = Automatic;
				COMBINE_HIDPI_IMAGES = YES;
				DEAD_CODE_STRIPPING = YES;
				GENERATE_INFOPLIST_FILE = NO;
				INFOPLIST_FILE = GT3CompanionMac/Info.plist;
				LD_RUNPATH_SEARCH_PATHS = (
					"$(inherited)",
					"@executable_path/../Frameworks",
				);
				PRODUCT_BUNDLE_IDENTIFIER = org.davidjensenius.GT3Companion.mac;
				SDKROOT = macosx;
			};
			name = Release;
		};
		78E492FA523B791C9DAD1922 /* Debug */ = {
			isa = XCBuildConfiguration;
			buildSettings = {
				BUNDLE_LOADER = "$(TEST_HOST)";
				LD_RUNPATH_SEARCH_PATHS = (
					"$(inherited)",
					"@executable_path/Frameworks",
					"@loader_path/Frameworks",
				);
				PRODUCT_BUNDLE_IDENTIFIER = org.davidjensenius.GT3Companion.tests;
				SDKROOT = iphoneos;
				TARGETED_DEVICE_FAMILY = "1,2";
				TEST_HOST = "$(BUILT_PRODUCTS_DIR)/GT3Companion.app/GT3Companion";
			};
			name = Debug;
		};
		7A0F135F9E51C1E6F7E2D3A5 /* Release */ = {
			isa = XCBuildConfiguration;
			buildSettings = {
				ASSETCATALOG_COMPILER_APPICON_NAME = AppIcon;
				CODE_SIGN_ENTITLEMENTS = GT3Companion/GT3Companion.entitlements;
				CODE_SIGN_IDENTITY = "iPhone Developer";
				CODE_SIGN_STYLE = Automatic;
				GENERATE_INFOPLIST_FILE = NO;
				INFOPLIST_FILE = GT3Companion/Info.plist;
				LD_RUNPATH_SEARCH_PATHS = (
					"$(inherited)",
					"@executable_path/Frameworks",
				);
				PRODUCT_BUNDLE_IDENTIFIER = org.davidjensenius.GT3Companion;
				SDKROOT = iphoneos;
				TARGETED_DEVICE_FAMILY = "1,2";
			};
			name = Release;
		};
		7E9F3617E5FBCF72048613DB /* Release */ = {
			isa = XCBuildConfiguration;
			buildSettings = {
				ASSETCATALOG_COMPILER_APPICON_NAME = AppIcon;
				CODE_SIGN_STYLE = Automatic;
				GENERATE_INFOPLIST_FILE = NO;
				INFOPLIST_FILE = GT3CompanionVision/Info.plist;
				LD_RUNPATH_SEARCH_PATHS = (
					"$(inherited)",
					"@executable_path/Frameworks",
				);
				PRODUCT_BUNDLE_IDENTIFIER = org.davidjensenius.GT3Companion.vision;
				SDKROOT = xros;
				TARGETED_DEVICE_FAMILY = 7;
			};
			name = Release;
		};
		8B8CED542F3BF5149C33E2BA /* Release */ = {
			isa = XCBuildConfiguration;
			buildSettings = {
				ALWAYS_SEARCH_USER_PATHS = NO;
				CLANG_ANALYZER_NONNULL = YES;
				CLANG_ANALYZER_NUMBER_OBJECT_CONVERSION = YES_AGGRESSIVE;
				CLANG_CXX_LANGUAGE_STANDARD = "gnu++14";
				CLANG_CXX_LIBRARY = "libc++";
				CLANG_ENABLE_MODULES = YES;
				CLANG_ENABLE_OBJC_ARC = YES;
				CLANG_ENABLE_OBJC_WEAK = YES;
				CLANG_WARN_BLOCK_CAPTURE_AUTORELEASING = YES;
				CLANG_WARN_BOOL_CONVERSION = YES;
				CLANG_WARN_COMMA = YES;
				CLANG_WARN_CONSTANT_CONVERSION = YES;
				CLANG_WARN_DEPRECATED_OBJC_IMPLEMENTATIONS = YES;
				CLANG_WARN_DIRECT_OBJC_ISA_USAGE = YES_ERROR;
				CLANG_WARN_DOCUMENTATION_COMMENTS = YES;
				CLANG_WARN_EMPTY_BODY = YES;
				CLANG_WARN_ENUM_CONVERSION = YES;
				CLANG_WARN_INFINITE_RECURSION = YES;
				CLANG_WARN_INT_CONVERSION = YES;
				CLANG_WARN_NON_LITERAL_NULL_CONVERSION = YES;
				CLANG_WARN_OBJC_IMPLICIT_RETAIN_SELF = YES;
				CLANG_WARN_OBJC_LITERAL_CONVERSION = YES;
				CLANG_WARN_OBJC_ROOT_CLASS = YES_ERROR;
				CLANG_WARN_QUOTED_INCLUDE_IN_FRAMEWORK_HEADER = YES;
				CLANG_WARN_RANGE_LOOP_ANALYSIS = YES;
				CLANG_WARN_STRICT_PROTOTYPES = YES;
				CLANG_WARN_SUSPICIOUS_MOVE = YES;
				CLANG_WARN_UNGUARDED_AVAILABILITY = YES_AGGRESSIVE;
				CLANG_WARN_UNREACHABLE_CODE = YES;
				CLANG_WARN__DUPLICATE_METHOD_MATCH = YES;
				COPY_PHASE_STRIP = NO;
				DEAD_CODE_STRIPPING = YES;
				DEBUG_INFORMATION_FORMAT = "dwarf-with-dsym";
				DEVELOPMENT_TEAM = 9JALHNGRBQ;
				ENABLE_NS_ASSERTIONS = NO;
				ENABLE_STRICT_OBJC_MSGSEND = YES;
				ENABLE_USER_SCRIPT_SANDBOXING = YES;
				GCC_C_LANGUAGE_STANDARD = gnu11;
				GCC_NO_COMMON_BLOCKS = YES;
				GCC_WARN_64_TO_32_BIT_CONVERSION = YES;
				GCC_WARN_ABOUT_RETURN_TYPE = YES_ERROR;
				GCC_WARN_UNDECLARED_SELECTOR = YES;
				GCC_WARN_UNINITIALIZED_AUTOS = YES_AGGRESSIVE;
				GCC_WARN_UNUSED_FUNCTION = YES;
				GCC_WARN_UNUSED_VARIABLE = YES;
				IPHONEOS_DEPLOYMENT_TARGET = 18.0;
				MACOSX_DEPLOYMENT_TARGET = 15.0;
				MTL_ENABLE_DEBUG_INFO = NO;
				MTL_FAST_MATH = YES;
				PRODUCT_NAME = "$(TARGET_NAME)";
				STRING_CATALOG_GENERATE_SYMBOLS = YES;
				SWIFT_COMPILATION_MODE = wholemodule;
				SWIFT_OPTIMIZATION_LEVEL = "-O";
				SWIFT_VERSION = 5;
				WATCHOS_DEPLOYMENT_TARGET = 11.0;
				XROS_DEPLOYMENT_TARGET = 2.0;
			};
			name = Release;
		};
		A159A67A5AACE4FFA6DD79C1 /* Debug */ = {
			isa = XCBuildConfiguration;
			buildSettings = {
				ASSETCATALOG_COMPILER_APPICON_NAME = AppIcon;
				CODE_SIGN_STYLE = Automatic;
				COMBINE_HIDPI_IMAGES = YES;
				DEAD_CODE_STRIPPING = YES;
				GENERATE_INFOPLIST_FILE = NO;
				INFOPLIST_FILE = GT3CompanionMac/Info.plist;
				LD_RUNPATH_SEARCH_PATHS = (
					"$(inherited)",
					"@executable_path/../Frameworks",
				);
				PRODUCT_BUNDLE_IDENTIFIER = org.davidjensenius.GT3Companion.mac;
				SDKROOT = macosx;
			};
			name = Debug;
		};
		A542E520EFE6E366B01F103A /* Debug */ = {
			isa = XCBuildConfiguration;
			buildSettings = {
				ALWAYS_SEARCH_USER_PATHS = NO;
				CLANG_ANALYZER_NONNULL = YES;
				CLANG_ANALYZER_NUMBER_OBJECT_CONVERSION = YES_AGGRESSIVE;
				CLANG_CXX_LANGUAGE_STANDARD = "gnu++14";
				CLANG_CXX_LIBRARY = "libc++";
				CLANG_ENABLE_MODULES = YES;
				CLANG_ENABLE_OBJC_ARC = YES;
				CLANG_ENABLE_OBJC_WEAK = YES;
				CLANG_WARN_BLOCK_CAPTURE_AUTORELEASING = YES;
				CLANG_WARN_BOOL_CONVERSION = YES;
				CLANG_WARN_COMMA = YES;
				CLANG_WARN_CONSTANT_CONVERSION = YES;
				CLANG_WARN_DEPRECATED_OBJC_IMPLEMENTATIONS = YES;
				CLANG_WARN_DIRECT_OBJC_ISA_USAGE = YES_ERROR;
				CLANG_WARN_DOCUMENTATION_COMMENTS = YES;
				CLANG_WARN_EMPTY_BODY = YES;
				CLANG_WARN_ENUM_CONVERSION = YES;
				CLANG_WARN_INFINITE_RECURSION = YES;
				CLANG_WARN_INT_CONVERSION = YES;
				CLANG_WARN_NON_LITERAL_NULL_CONVERSION = YES;
				CLANG_WARN_OBJC_IMPLICIT_RETAIN_SELF = YES;
				CLANG_WARN_OBJC_LITERAL_CONVERSION = YES;
				CLANG_WARN_OBJC_ROOT_CLASS = YES_ERROR;
				CLANG_WARN_QUOTED_INCLUDE_IN_FRAMEWORK_HEADER = YES;
				CLANG_WARN_RANGE_LOOP_ANALYSIS = YES;
				CLANG_WARN_STRICT_PROTOTYPES = YES;
				CLANG_WARN_SUSPICIOUS_MOVE = YES;
				CLANG_WARN_UNGUARDED_AVAILABILITY = YES_AGGRESSIVE;
				CLANG_WARN_UNREACHABLE_CODE = YES;
				CLANG_WARN__DUPLICATE_METHOD_MATCH = YES;
				COPY_PHASE_STRIP = NO;
				DEAD_CODE_STRIPPING = YES;
				DEBUG_INFORMATION_FORMAT = dwarf;
				DEVELOPMENT_TEAM = 9JALHNGRBQ;
				ENABLE_STRICT_OBJC_MSGSEND = YES;
				ENABLE_TESTABILITY = YES;
				ENABLE_USER_SCRIPT_SANDBOXING = YES;
				GCC_C_LANGUAGE_STANDARD = gnu11;
				GCC_DYNAMIC_NO_PIC = NO;
				GCC_NO_COMMON_BLOCKS = YES;
				GCC_OPTIMIZATION_LEVEL = 0;
				GCC_PREPROCESSOR_DEFINITIONS = (
					"$(inherited)",
					"DEBUG=1",
				);
				GCC_WARN_64_TO_32_BIT_CONVERSION = YES;
				GCC_WARN_ABOUT_RETURN_TYPE = YES_ERROR;
				GCC_WARN_UNDECLARED_SELECTOR = YES;
				GCC_WARN_UNINITIALIZED_AUTOS = YES_AGGRESSIVE;
				GCC_WARN_UNUSED_FUNCTION = YES;
				GCC_WARN_UNUSED_VARIABLE = YES;
				IPHONEOS_DEPLOYMENT_TARGET = 18.0;
				MACOSX_DEPLOYMENT_TARGET = 15.0;
				MTL_ENABLE_DEBUG_INFO = INCLUDE_SOURCE;
				MTL_FAST_MATH = YES;
				ONLY_ACTIVE_ARCH = YES;
				PRODUCT_NAME = "$(TARGET_NAME)";
				STRING_CATALOG_GENERATE_SYMBOLS = YES;
				SWIFT_ACTIVE_COMPILATION_CONDITIONS = DEBUG;
				SWIFT_OPTIMIZATION_LEVEL = "-Onone";
				SWIFT_VERSION = 5;
				WATCHOS_DEPLOYMENT_TARGET = 11.0;
				XROS_DEPLOYMENT_TARGET = 2.0;
			};
			name = Debug;
		};
		A706688AB49387B16334F03B /* Release */ = {
			isa = XCBuildConfiguration;
			buildSettings = {
				BUNDLE_LOADER = "$(TEST_HOST)";
				LD_RUNPATH_SEARCH_PATHS = (
					"$(inherited)",
					"@executable_path/Frameworks",
					"@loader_path/Frameworks",
				);
				PRODUCT_BUNDLE_IDENTIFIER = org.davidjensenius.GT3Companion.tests;
				SDKROOT = iphoneos;
				TARGETED_DEVICE_FAMILY = "1,2";
				TEST_HOST = "$(BUILT_PRODUCTS_DIR)/GT3Companion.app/GT3Companion";
			};
			name = Release;
		};
		B1C38BE045D21394C5F6D838 /* Release */ = {
			isa = XCBuildConfiguration;
			buildSettings = {
				ASSETCATALOG_COMPILER_APPICON_NAME = AppIcon;
				CODE_SIGN_STYLE = Automatic;
				GENERATE_INFOPLIST_FILE = NO;
				INFOPLIST_FILE = GT3CompanionWatch/Info.plist;
				PRODUCT_BUNDLE_IDENTIFIER = org.davidjensenius.GT3Companion.watch;
				SDKROOT = watchos;
				SKIP_INSTALL = YES;
				TARGETED_DEVICE_FAMILY = 4;
			};
			name = Release;
		};
		B6FC5FD9CA0206454DEB56EE /* Debug */ = {
			isa = XCBuildConfiguration;
			buildSettings = {
				ASSETCATALOG_COMPILER_APPICON_NAME = AppIcon;
				CODE_SIGN_STYLE = Automatic;
				GENERATE_INFOPLIST_FILE = NO;
				INFOPLIST_FILE = GT3CompanionVision/Info.plist;
				LD_RUNPATH_SEARCH_PATHS = (
					"$(inherited)",
					"@executable_path/Frameworks",
				);
				PRODUCT_BUNDLE_IDENTIFIER = org.davidjensenius.GT3Companion.vision;
				SDKROOT = xros;
				TARGETED_DEVICE_FAMILY = 7;
			};
			name = Debug;
		};
		E8152F7A7EC6F1B26D01125F /* Debug */ = {
			isa = XCBuildConfiguration;
			buildSettings = {
				CODE_SIGN_STYLE = Automatic;
				GENERATE_INFOPLIST_FILE = NO;
				INFOPLIST_FILE = GT3CompanionWidgets/Info.plist;
				LD_RUNPATH_SEARCH_PATHS = (
					"$(inherited)",
					"@executable_path/Frameworks",
					"@executable_path/../../Frameworks",
				);
				PRODUCT_BUNDLE_IDENTIFIER = org.davidjensenius.GT3Companion.widgets;
				SDKROOT = iphoneos;
				TARGETED_DEVICE_FAMILY = "1,2";
			};
			name = Debug;
		};
/* End XCBuildConfiguration section */

/* Begin XCConfigurationList section */
		021C5650EE80B2FAE933D146 /* Build configuration list for PBXNativeTarget "GT3CompanionWidgets" */ = {
			isa = XCConfigurationList;
			buildConfigurations = (
				E8152F7A7EC6F1B26D01125F /* Debug */,
				1B5A5F00C3FA82AA1A56ACC0 /* Release */,
			);
			defaultConfigurationIsVisible = 0;
			defaultConfigurationName = Debug;
		};
		1C50F81B44B0A0F6ED6360C1 /* Build configuration list for PBXProject "GT3Companion" */ = {
			isa = XCConfigurationList;
			buildConfigurations = (
				A542E520EFE6E366B01F103A /* Debug */,
				8B8CED542F3BF5149C33E2BA /* Release */,
			);
			defaultConfigurationIsVisible = 0;
			defaultConfigurationName = Debug;
		};
		3B8F51E557609D01DBC93BCF /* Build configuration list for PBXNativeTarget "GT3Companion" */ = {
			isa = XCConfigurationList;
			buildConfigurations = (
				13DE7979992E1BD22955C3C4 /* Debug */,
				7A0F135F9E51C1E6F7E2D3A5 /* Release */,
			);
			defaultConfigurationIsVisible = 0;
			defaultConfigurationName = Debug;
		};
		8F1A7E81A551649E75933476 /* Build configuration list for PBXNativeTarget "GT3CompanionWatch" */ = {
			isa = XCConfigurationList;
			buildConfigurations = (
				3DB95B58DD1B791CF522C6AB /* Debug */,
				B1C38BE045D21394C5F6D838 /* Release */,
			);
			defaultConfigurationIsVisible = 0;
			defaultConfigurationName = Debug;
		};
		BF71BD0226FC3DF94FACBD89 /* Build configuration list for PBXNativeTarget "GT3CompanionTests" */ = {
			isa = XCConfigurationList;
			buildConfigurations = (
				78E492FA523B791C9DAD1922 /* Debug */,
				A706688AB49387B16334F03B /* Release */,
			);
			defaultConfigurationIsVisible = 0;
			defaultConfigurationName = Debug;
		};
		D2867066613F32D0850AB272 /* Build configuration list for PBXNativeTarget "GT3CompanionVision" */ = {
			isa = XCConfigurationList;
			buildConfigurations = (
				B6FC5FD9CA0206454DEB56EE /* Debug */,
				7E9F3617E5FBCF72048613DB /* Release */,
			);
			defaultConfigurationIsVisible = 0;
			defaultConfigurationName = Debug;
		};
		E78FAFB76BD29B247C70FF65 /* Build configuration list for PBXNativeTarget "GT3CompanionMac" */ = {
			isa = XCConfigurationList;
			buildConfigurations = (
				A159A67A5AACE4FFA6DD79C1 /* Debug */,
				668D4D26572D88D6752386CF /* Release */,
			);
			defaultConfigurationIsVisible = 0;
			defaultConfigurationName = Debug;
		};
/* End XCConfigurationList section */
	};
	rootObject = F9DD18F549BB83F9A6477CFC /* Project object */;
}
